{
  "requires": true,
  "lockfileVersion": 1,
  "dependencies": {
    "vue": {
      "version": "2.6.11",
      "resolved": "https://registry.npmjs.org/vue/-/vue-2.6.11.tgz",
      "integrity": "sha512-VfPwgcGABbGAue9+sfrD4PuwFar7gPb1yl1UK1MwXoQPAw0BKSqWfoYCT/ThFrdEVWoI51dBuyCoiNU9bZDZxQ=="
    },
    "vue-social-sharing": {
      "version": "2.4.7",
      "resolved": "https://registry.npmjs.org/vue-social-sharing/-/vue-social-sharing-2.4.7.tgz",
      "integrity": "sha512-X70bulEnjSHvakf8NaLhuKTuUS4yKzdhYjX/aJ4dPVIXWaoXH8w+QODuM3C6c3fPaiNqgR19VrDyWB7EUGUzPQ==",
      "requires": {
        "vue": "^2.2.4"
      }
    }
  }
}
